
Microsoft Visual Studio Solution File, Format Version 12.00
# Visual Studio Version 16
VisualStudioVersion = 16.0.30011.22
MinimumVisualStudioVersion = 10.0.40219.1
Project("{9A19103F-16F7-4668-BE54-9A1E7A4F7556}") = "NeatNoter", "NeatNoter\NeatNoter.csproj", "{528A69A2-52BD-46F0-9137-9C09D50A6A5A}"
EndProject
Global
	GlobalSection(SolutionConfigurationPlatforms) = preSolution
		Debug|Any CPU = Debug|Any CPU
		Release|Any CPU = Release|Any CPU
	EndGlobalSection
	GlobalSection(ProjectConfigurationPlatforms) = postSolution
		{528A69A2-52BD-46F0-9137-9C09D50A6A5A}.Debug|Any CPU.ActiveCfg = Debug|Any CPU
		{528A69A2-52BD-46F0-9137-9C09D50A6A5A}.Debug|Any CPU.Build.0 = Debug|Any CPU
		{528A69A2-52BD-46F0-9137-9C09D50A6A5A}.Release|Any CPU.ActiveCfg = Release|Any CPU
		{528A69A2-52BD-46F0-9137-9C09D50A6A5A}.Release|Any CPU.Build.0 = Release|Any CPU
	EndGlobalSection
	GlobalSection(SolutionProperties) = preSolution
		HideSolutionNode = FALSE
	EndGlobalSection
	GlobalSection(ExtensibilityGlobals) = postSolution
		SolutionGuid = {54BD17F5-2B58-4B57-BE63-06379BAA2261}
	EndGlobalSection
EndGlobal
