{
  "version": 1,
  "dependencies": {
    "net7.0-windows7.0": {
      "Dalamud.DrunkenToad": {
        "type": "Direct",
        "requested": "[1.2.1, )",
        "resolved": "1.2.1",
        "contentHash": "kwub5Fwbtp88S+/y5Ce7fXzHGOz7ARKiu8mWbtonjRKqegOGObowUJoGZKPFDE2iTeDta8lDtNl/L5xaB9JCDw==",
        "dependencies": {
          "LiteDB": "5.0.11"
        }
      },
      "DalamudPackager": {
        "type": "Direct",
        "requested": "[2.1.10, )",
        "resolved": "2.1.10",
        "contentHash": "S6NrvvOnLgT4GDdgwuKVJjbFo+8ZEj+JsEYk9ojjOR/MMfv1dIFpT8aRJQfI24rtDcw1uF+GnSSMN4WW1yt7fw=="
      },
      "LiteDB": {
        "type": "Direct",
        "requested": "[5.0.12, )",
        "resolved": "5.0.12",
        "contentHash": "HaOjSIGS9BRm7dw42qcHd5NGYl5wdjsFB31pImt3QQNLKUNEmRAr7ADos5VsujwBc9c4otJgb+G6NA4MlzKyAw=="
      },
      "StyleCop.Analyzers": {
        "type": "Direct",
        "requested": "[1.2.0-beta.435, )",
        "resolved": "1.2.0-beta.435",
        "contentHash": "TADk7vdGXtfTnYCV7GyleaaRTQjfoSfZXprQrVMm7cSJtJbFc1QIbWPyLvrgrfGdfHbGmUPvaN4ODKNxg2jgPQ==",
        "dependencies": {
          "StyleCop.Analyzers.Unstable": "1.2.0.435"
        }
      },
      "System.Drawing.Common": {
        "type": "Direct",
        "requested": "[7.0.0-preview.7.22375.6, )",
        "resolved": "7.0.0-preview.7.22375.6",
        "contentHash": "qxDhUMQLSPSAQBkEfmEgZ2/xClxRMNqcYIlXT3toiVViRW7ombtCygbx8ka2+9Z/JADqfIbdO6uAx7E83+XPjQ==",
        "dependencies": {
          "Microsoft.Win32.SystemEvents": "7.0.0-preview.7.22375.6"
        }
      },
      "Microsoft.Win32.SystemEvents": {
        "type": "Transitive",
        "resolved": "7.0.0-preview.7.22375.6",
        "contentHash": "fU4W1hVc98LjTCHkZltriZq1gB7Ko5G6kYma2P3WRNz1M4oCHbrD9uBtLEonR+iy7747+ry5VK04PfpII3tAPg=="
      },
      "StyleCop.Analyzers.Unstable": {
        "type": "Transitive",
        "resolved": "1.2.0.435",
        "contentHash": "ouwPWZxbOV3SmCZxIRqHvljkSzkCyi1tDoMzQtDb/bRP8ctASV/iRJr+A2Gdj0QLaLmWnqTWDrH82/iP+X80Lg=="
      }
    }
  }
}